
Microsoft Visual Studio Solution File, Format Version 12.00
# Visual Studio Version 17
VisualStudioVersion = 17.10.34928.147
MinimumVisualStudioVersion = 10.0.40219.1
Project("{FAE04EC0-301F-11D3-BF4B-00C04F79EFBC}") = "ATM1", "ATM1\ATM1.csproj", "{71A5F7A1-26B9-402D-BF28-1C03768EFF44}"
EndProject
Global
	GlobalSection(SolutionConfigurationPlatforms) = preSolution
		Debug|Any CPU = Debug|Any CPU
		Release|Any CPU = Release|Any CPU
	EndGlobalSection
	GlobalSection(ProjectConfigurationPlatforms) = postSolution
		{71A5F7A1-26B9-402D-BF28-1C03768EFF44}.Debug|Any CPU.ActiveCfg = Debug|Any CPU
		{71A5F7A1-26B9-402D-BF28-1C03768EFF44}.Debug|Any CPU.Build.0 = Debug|Any CPU
		{71A5F7A1-26B9-402D-BF28-1C03768EFF44}.Release|Any CPU.ActiveCfg = Release|Any CPU
		{71A5F7A1-26B9-402D-BF28-1C03768EFF44}.Release|Any CPU.Build.0 = Release|Any CPU
	EndGlobalSection
	GlobalSection(SolutionProperties) = preSolution
		HideSolutionNode = FALSE
	EndGlobalSection
	GlobalSection(ExtensibilityGlobals) = postSolution
		SolutionGuid = {64BBA301-A081-443A-938D-C4F5AC68BA0B}
	EndGlobalSection
EndGlobal
